
Microsoft Visual Studio Solution File, Format Version 12.00
# Visual Studio Version 16
VisualStudioVersion = 16.0.30204.135
MinimumVisualStudioVersion = 10.0.40219.1
Project("{FAE04EC0-301F-11D3-BF4B-00C04F79EFBC}") = "mijn first app", "mijn first app\mijn first app.csproj", "{624DA650-0C98-48C7-80C6-046D2866DCBB}"
EndProject
Global
	GlobalSection(SolutionConfigurationPlatforms) = preSolution
		Debug|Any CPU = Debug|Any CPU
		Release|Any CPU = Release|Any CPU
	EndGlobalSection
	GlobalSection(ProjectConfigurationPlatforms) = postSolution
		{624DA650-0C98-48C7-80C6-046D2866DCBB}.Debug|Any CPU.ActiveCfg = Debug|Any CPU
		{624DA650-0C98-48C7-80C6-046D2866DCBB}.Debug|Any CPU.Build.0 = Debug|Any CPU
		{624DA650-0C98-48C7-80C6-046D2866DCBB}.Release|Any CPU.ActiveCfg = Release|Any CPU
		{624DA650-0C98-48C7-80C6-046D2866DCBB}.Release|Any CPU.Build.0 = Release|Any CPU
	EndGlobalSection
	GlobalSection(SolutionProperties) = preSolution
		HideSolutionNode = FALSE
	EndGlobalSection
	GlobalSection(ExtensibilityGlobals) = postSolution
		SolutionGuid = {EAA70739-9F89-48F9-A8CB-54F9468745E7}
	EndGlobalSection
EndGlobal
